// !$*UTF8*$!
{
	archiveVersion = 1;
	classes = {
	};
	objectVersion = 46;
	objects = {

/* Begin PBXBuildFile section */
		AAE74CC01CD6E8B5001CEEC9 /* AppDelegate.swift in Sources */ = {isa = PBXBuildFile; fileRef = AAE74CBF1CD6E8B5001CEEC9 /* AppDelegate.swift */; };
		AAE74CC51CD6E8B5001CEEC9 /* Main.storyboard in Resources */ = {isa = PBXBuildFile; fileRef = AAE74CC31CD6E8B5001CEEC9 /* Main.storyboard */; };
		AAE74CC71CD6E8B5001CEEC9 /* Assets.xcassets in Resources */ = {isa = PBXBuildFile; fileRef = AAE74CC61CD6E8B5001CEEC9 /* Assets.xcassets */; };
		AAE74CCA1CD6E8B5001CEEC9 /* LaunchScreen.storyboard in Resources */ = {isa = PBXBuildFile; fileRef = AAE74CC81CD6E8B5001CEEC9 /* LaunchScreen.storyboard */; };
		AAE74CD31CD6EA22001CEEC9 /* FaceView.swift in Sources */ = {isa = PBXBuildFile; fileRef = AAE74CD11CD6EA22001CEEC9 /* FaceView.swift */; };
		AAE74CD41CD6EA22001CEEC9 /* HappinessViewController.swift in Sources */ = {isa = PBXBuildFile; fileRef = AAE74CD21CD6EA22001CEEC9 /* HappinessViewController.swift */; };
		AAE74CDA1CD6EDC6001CEEC9 /* PsychologistViewController.swift in Sources */ = {isa = PBXBuildFile; fileRef = AAE74CD91CD6EDC6001CEEC9 /* PsychologistViewController.swift */; };
		AAE74CDC1CD6F4A1001CEEC9 /* TextViewController.swift in Sources */ = {isa = PBXBuildFile; fileRef = AAE74CDB1CD6F4A1001CEEC9 /* TextViewController.swift */; };
		AAE74CDE1CD6F67C001CEEC9 /* DianosedHappinessViewController.swift in Sources */ = {isa = PBXBuildFile; fileRef = AAE74CDD1CD6F67C001CEEC9 /* DianosedHappinessViewController.swift */; };
/* End PBXBuildFile section */

/* Begin PBXFileReference section */
		AAE74CBC1CD6E8B5001CEEC9 /* Psychologist.app */ = {isa = PBXFileReference; explicitFileType = wrapper.application; includeInIndex = 0; path = Psychologist.app; sourceTree = BUILT_PRODUCTS_DIR; };
		AAE74CBF1CD6E8B5001CEEC9 /* AppDelegate.swift */ = {isa = PBXFileReference; lastKnownFileType = sourcecode.swift; path = AppDelegate.swift; sourceTree = "<group>"; };
		AAE74CC41CD6E8B5001CEEC9 /* Base */ = {isa = PBXFileReference; lastKnownFileType = file.storyboard; name = Base; path = Base.lproj/Main.storyboard; sourceTree = "<group>"; };
		AAE74CC61CD6E8B5001CEEC9 /* Assets.xcassets */ = {isa = PBXFileReference; lastKnownFileType = folder.assetcatalog; path = Assets.xcassets; sourceTree = "<group>"; };
		AAE74CC91CD6E8B5001CEEC9 /* Base */ = {isa = PBXFileReference; lastKnownFileType = file.storyboard; name = Base; path = Base.lproj/LaunchScreen.storyboard; sourceTree = "<group>"; };
		AAE74CCB1CD6E8B5001CEEC9 /* Info.plist */ = {isa = PBXFileReference; lastKnownFileType = text.plist.xml; path = Info.plist; sourceTree = "<group>"; };
		AAE74CD11CD6EA22001CEEC9 /* FaceView.swift */ = {isa = PBXFileReference; fileEncoding = 4; lastKnownFileType = sourcecode.swift; path = FaceView.swift; sourceTree = "<group>"; };
		AAE74CD21CD6EA22001CEEC9 /* HappinessViewController.swift */ = {isa = PBXFileReference; fileEncoding = 4; lastKnownFileType = sourcecode.swift; path = HappinessViewController.swift; sourceTree = "<group>"; };
		AAE74CD91CD6EDC6001CEEC9 /* PsychologistViewController.swift */ = {isa = PBXFileReference; fileEncoding = 4; lastKnownFileType = sourcecode.swift; path = PsychologistViewController.swift; sourceTree = "<group>"; };
		AAE74CDB1CD6F4A1001CEEC9 /* TextViewController.swift */ = {isa = PBXFileReference; fileEncoding = 4; lastKnownFileType = sourcecode.swift; path = TextViewController.swift; sourceTree = "<group>"; };
		AAE74CDD1CD6F67C001CEEC9 /* DianosedHappinessViewController.swift */ = {isa = PBXFileReference; fileEncoding = 4; lastKnownFileType = sourcecode.swift; path = DianosedHappinessViewController.swift; sourceTree = "<group>"; };
/* End PBXFileReference section */

/* Begin PBXFrameworksBuildPhase section */
		AAE74CB91CD6E8B5001CEEC9 /* Frameworks */ = {
			isa = PBXFrameworksBuildPhase;
			buildActionMask = 2147483647;
			files = (
			);
			runOnlyForDeploymentPostprocessing = 0;
		};
/* End PBXFrameworksBuildPhase section */

/* Begin PBXGroup section */
		AAE74CB31CD6E8B5001CEEC9 = {
			isa = PBXGroup;
			children = (
				AAE74CBE1CD6E8B5001CEEC9 /* Psychologist */,
				AAE74CBD1CD6E8B5001CEEC9 /* Products */,
			);
			sourceTree = "<group>";
		};
		AAE74CBD1CD6E8B5001CEEC9 /* Products */ = {
			isa = PBXGroup;
			children = (
				AAE74CBC1CD6E8B5001CEEC9 /* Psychologist.app */,
			);
			name = Products;
			sourceTree = "<group>";
		};
		AAE74CBE1CD6E8B5001CEEC9 /* Psychologist */ = {
			isa = PBXGroup;
			children = (
				AAE74CBF1CD6E8B5001CEEC9 /* AppDelegate.swift */,
				AAE74CC31CD6E8B5001CEEC9 /* Main.storyboard */,
				AAE74CDB1CD6F4A1001CEEC9 /* TextViewController.swift */,
				AAE74CD11CD6EA22001CEEC9 /* FaceView.swift */,
				AAE74CD91CD6EDC6001CEEC9 /* PsychologistViewController.swift */,
				AAE74CD21CD6EA22001CEEC9 /* HappinessViewController.swift */,
				AAE74CDD1CD6F67C001CEEC9 /* DianosedHappinessViewController.swift */,
				AAE74CC61CD6E8B5001CEEC9 /* Assets.xcassets */,
				AAE74CC81CD6E8B5001CEEC9 /* LaunchScreen.storyboard */,
				AAE74CCB1CD6E8B5001CEEC9 /* Info.plist */,
			);
			path = Psychologist;
			sourceTree = "<group>";
		};
/* End PBXGroup section */

/* Begin PBXNativeTarget section */
		AAE74CBB1CD6E8B5001CEEC9 /* Psychologist */ = {
			isa = PBXNativeTarget;
			buildConfigurationList = AAE74CCE1CD6E8B5001CEEC9 /* Build configuration list for PBXNativeTarget "Psychologist" */;
			buildPhases = (
				AAE74CB81CD6E8B5001CEEC9 /* Sources */,
				AAE74CB91CD6E8B5001CEEC9 /* Frameworks */,
				AAE74CBA1CD6E8B5001CEEC9 /* Resources */,
			);
			buildRules = (
			);
			dependencies = (
			);
			name = Psychologist;
			productName = Psychologist;
			productReference = AAE74CBC1CD6E8B5001CEEC9 /* Psychologist.app */;
			productType = "com.apple.product-type.application";
		};
/* End PBXNativeTarget section */

/* Begin PBXProject section */
		AAE74CB41CD6E8B5001CEEC9 /* Project object */ = {
			isa = PBXProject;
			attributes = {
				LastSwiftUpdateCheck = 0730;
				LastUpgradeCheck = 0730;
				ORGANIZATIONNAME = xayoung;
				TargetAttributes = {
					AAE74CBB1CD6E8B5001CEEC9 = {
						CreatedOnToolsVersion = 7.3;
					};
				};
			};
			buildConfigurationList = AAE74CB71CD6E8B5001CEEC9 /* Build configuration list for PBXProject "Psychologist" */;
			compatibilityVersion = "Xcode 3.2";
			developmentRegion = English;
			hasScannedForEncodings = 0;
			knownRegions = (
				en,
				Base,
			);
			mainGroup = AAE74CB31CD6E8B5001CEEC9;
			productRefGroup = AAE74CBD1CD6E8B5001CEEC9 /* Products */;
			projectDirPath = "";
			projectRoot = "";
			targets = (
				AAE74CBB1CD6E8B5001CEEC9 /* Psychologist */,
			);
		};
/* End PBXProject section */

/* Begin PBXResourcesBuildPhase section */
		AAE74CBA1CD6E8B5001CEEC9 /* Resources */ = {
			isa = PBXResourcesBuildPhase;
			buildActionMask = 2147483647;
			files = (
				AAE74CCA1CD6E8B5001CEEC9 /* LaunchScreen.storyboard in Resources */,
				AAE74CC71CD6E8B5001CEEC9 /* Assets.xcassets in Resources */,
				AAE74CC51CD6E8B5001CEEC9 /* Main.storyboard in Resources */,
			);
			runOnlyForDeploymentPostprocessing = 0;
		};
/* End PBXResourcesBuildPhase section */

/* Begin PBXSourcesBuildPhase section */
		AAE74CB81CD6E8B5001CEEC9 /* Sources */ = {
			isa = PBXSourcesBuildPhase;
			buildActionMask = 2147483647;
			files = (
				AAE74CDC1CD6F4A1001CEEC9 /* TextViewController.swift in Sources */,
				AAE74CDA1CD6EDC6001CEEC9 /* PsychologistViewController.swift in Sources */,
				AAE74CC01CD6E8B5001CEEC9 /* AppDelegate.swift in Sources */,
				AAE74CDE1CD6F67C001CEEC9 /* DianosedHappinessViewController.swift in Sources */,
				AAE74CD41CD6EA22001CEEC9 /* HappinessViewController.swift in Sources */,
				AAE74CD31CD6EA22001CEEC9 /* FaceView.swift in Sources */,
			);
			runOnlyForDeploymentPostprocessing = 0;
		};
/* End PBXSourcesBuildPhase section */

/* Begin PBXVariantGroup section */
		AAE74CC31CD6E8B5001CEEC9 /* Main.storyboard */ = {
			isa = PBXVariantGroup;
			children = (
				AAE74CC41CD6E8B5001CEEC9 /* Base */,
			);
			name = Main.storyboard;
			sourceTree = "<group>";
		};
		AAE74CC81CD6E8B5001CEEC9 /* LaunchScreen.storyboard */ = {
			isa = PBXVariantGroup;
			children = (
				AAE74CC91CD6E8B5001CEEC9 /* Base */,
			);
			name = LaunchScreen.storyboard;
			sourceTree = "<group>";
		};
/* End PBXVariantGroup section */

/* Begin XCBuildConfiguration section */
		AAE74CCC1CD6E8B5001CEEC9 /* Debug */ = {
			isa = XCBuildConfiguration;
			buildSettings = {
				ALWAYS_SEARCH_USER_PATHS = NO;
				CLANG_ANALYZER_NONNULL = YES;
				CLANG_CXX_LANGUAGE_STANDARD = "gnu++0x";
				CLANG_CXX_LIBRARY = "libc++";
				CLANG_ENABLE_MODULES = YES;
				CLANG_ENABLE_OBJC_ARC = YES;
				CLANG_WARN_BOOL_CONVERSION = YES;
				CLANG_WARN_CONSTANT_CONVERSION = YES;
				CLANG_WARN_DIRECT_OBJC_ISA_USAGE = YES_ERROR;
				CLANG_WARN_EMPTY_BODY = YES;
				CLANG_WARN_ENUM_CONVERSION = YES;
				CLANG_WARN_INT_CONVERSION = YES;
				CLANG_WARN_OBJC_ROOT_CLASS = YES_ERROR;
				CLANG_WARN_UNREACHABLE_CODE = YES;
				CLANG_WARN__DUPLICATE_METHOD_MATCH = YES;
				"CODE_SIGN_IDENTITY[sdk=iphoneos*]" = "iPhone Developer";
				COPY_PHASE_STRIP = NO;
				DEBUG_INFORMATION_FORMAT = dwarf;
				ENABLE_STRICT_OBJC_MSGSEND = YES;
				ENABLE_TESTABILITY = YES;
				GCC_C_LANGUAGE_STANDARD = gnu99;
				GCC_DYNAMIC_NO_PIC = NO;
				GCC_NO_COMMON_BLOCKS = YES;
				GCC_OPTIMIZATION_LEVEL = 0;
				GCC_PREPROCESSOR_DEFINITIONS = (
					"DEBUG=1",
					"$(inherited)",
				);
				GCC_WARN_64_TO_32_BIT_CONVERSION = YES;
				GCC_WARN_ABOUT_RETURN_TYPE = YES_ERROR;
				GCC_WARN_UNDECLARED_SELECTOR = YES;
				GCC_WARN_UNINITIALIZED_AUTOS = YES_AGGRESSIVE;
				GCC_WARN_UNUSED_FUNCTION = YES;
				GCC_WARN_UNUSED_VARIABLE = YES;
				IPHONEOS_DEPLOYMENT_TARGET = 9.3;
				MTL_ENABLE_DEBUG_INFO = YES;
				ONLY_ACTIVE_ARCH = YES;
				SDKROOT = iphoneos;
				SWIFT_OPTIMIZATION_LEVEL = "-Onone";
			};
			name = Debug;
		};
		AAE74CCD1CD6E8B5001CEEC9 /* Release */ = {
			isa = XCBuildConfiguration;
			buildSettings = {
				ALWAYS_SEARCH_USER_PATHS = NO;
				CLANG_ANALYZER_NONNULL = YES;
				CLANG_CXX_LANGUAGE_STANDARD = "gnu++0x";
				CLANG_CXX_LIBRARY = "libc++";
				CLANG_ENABLE_MODULES = YES;
				CLANG_ENABLE_OBJC_ARC = YES;
				CLANG_WARN_BOOL_CONVERSION = YES;
				CLANG_WARN_CONSTANT_CONVERSION = YES;
				CLANG_WARN_DIRECT_OBJC_ISA_USAGE = YES_ERROR;
				CLANG_WARN_EMPTY_BODY = YES;
				CLANG_WARN_ENUM_CONVERSION = YES;
				CLANG_WARN_INT_CONVERSION = YES;
				CLANG_WARN_OBJC_ROOT_CLASS = YES_ERROR;
				CLANG_WARN_UNREACHABLE_CODE = YES;
				CLANG_WARN__DUPLICATE_METHOD_MATCH = YES;
				"CODE_SIGN_IDENTITY[sdk=iphoneos*]" = "iPhone Developer";
				COPY_PHASE_STRIP = NO;
				DEBUG_INFORMATION_FORMAT = "dwarf-with-dsym";
				ENABLE_NS_ASSERTIONS = NO;
				ENABLE_STRICT_OBJC_MSGSEND = YES;
				GCC_C_LANGUAGE_STANDARD = gnu99;
				GCC_NO_COMMON_BLOCKS = YES;
				GCC_WARN_64_TO_32_BIT_CONVERSION = YES;
				GCC_WARN_ABOUT_RETURN_TYPE = YES_ERROR;
				GCC_WARN_UNDECLARED_SELECTOR = YES;
				GCC_WARN_UNINITIALIZED_AUTOS = YES_AGGRESSIVE;
				GCC_WARN_UNUSED_FUNCTION = YES;
				GCC_WARN_UNUSED_VARIABLE = YES;
				IPHONEOS_DEPLOYMENT_TARGET = 9.3;
				MTL_ENABLE_DEBUG_INFO = NO;
				SDKROOT = iphoneos;
				VALIDATE_PRODUCT = YES;
			};
			name = Release;
		};
		AAE74CCF1CD6E8B5001CEEC9 /* Debug */ = {
			isa = XCBuildConfiguration;
			buildSettings = {
				ASSETCATALOG_COMPILER_APPICON_NAME = AppIcon;
				INFOPLIST_FILE = Psychologist/Info.plist;
				LD_RUNPATH_SEARCH_PATHS = "$(inherited) @executable_path/Frameworks";
				PRODUCT_BUNDLE_IDENTIFIER = com.Xayoung.Psychologist;
				PRODUCT_NAME = "$(TARGET_NAME)";
				TARGETED_DEVICE_FAMILY = "1,2";
			};
			name = Debug;
		};
		AAE74CD01CD6E8B5001CEEC9 /* Release */ = {
			isa = XCBuildConfiguration;
			buildSettings = {
				ASSETCATALOG_COMPILER_APPICON_NAME = AppIcon;
				INFOPLIST_FILE = Psychologist/Info.plist;
				LD_RUNPATH_SEARCH_PATHS = "$(inherited) @executable_path/Frameworks";
				PRODUCT_BUNDLE_IDENTIFIER = com.Xayoung.Psychologist;
				PRODUCT_NAME = "$(TARGET_NAME)";
				TARGETED_DEVICE_FAMILY = "1,2";
			};
			name = Release;
		};
/* End XCBuildConfiguration section */

/* Begin XCConfigurationList section */
		AAE74CB71CD6E8B5001CEEC9 /* Build configuration list for PBXProject "Psychologist" */ = {
			isa = XCConfigurationList;
			buildConfigurations = (
				AAE74CCC1CD6E8B5001CEEC9 /* Debug */,
				AAE74CCD1CD6E8B5001CEEC9 /* Release */,
			);
			defaultConfigurationIsVisible = 0;
			defaultConfigurationName = Release;
		};
		AAE74CCE1CD6E8B5001CEEC9 /* Build configuration list for PBXNativeTarget "Psychologist" */ = {
			isa = XCConfigurationList;
			buildConfigurations = (
				AAE74CCF1CD6E8B5001CEEC9 /* Debug */,
				AAE74CD01CD6E8B5001CEEC9 /* Release */,
			);
			defaultConfigurationIsVisible = 0;
		};
/* End XCConfigurationList section */
	};
	rootObject = AAE74CB41CD6E8B5001CEEC9 /* Project object */;
}
