// !$*UTF8*$!
{
	archiveVersion = 1;
	classes = {
	};
	objectVersion = 46;
	objects = {

/* Begin PBXBuildFile section */
		AA4CE90D1CB0AF1600A936DF /* AppDelegate.swift in Sources */ = {isa = PBXBuildFile; fileRef = AA4CE9051CB0AF1600A936DF /* AppDelegate.swift */; };
		AA4CE90E1CB0AF1600A936DF /* Assets.xcassets in Resources */ = {isa = PBXBuildFile; fileRef = AA4CE9061CB0AF1600A936DF /* Assets.xcassets */; };
		AA4CE90F1CB0AF1600A936DF /* LaunchScreen.storyboard in Resources */ = {isa = PBXBuildFile; fileRef = AA4CE9071CB0AF1600A936DF /* LaunchScreen.storyboard */; };
		AA4CE9101CB0AF1600A936DF /* Main.storyboard in Resources */ = {isa = PBXBuildFile; fileRef = AA4CE9091CB0AF1600A936DF /* Main.storyboard */; };
		AA4CE9111CB0AF1600A936DF /* Info.plist in Resources */ = {isa = PBXBuildFile; fileRef = AA4CE90B1CB0AF1600A936DF /* Info.plist */; };
		AA4CE9121CB0AF1600A936DF /* ViewController.swift in Sources */ = {isa = PBXBuildFile; fileRef = AA4CE90C1CB0AF1600A936DF /* ViewController.swift */; };
/* End PBXBuildFile section */

/* Begin PBXFileReference section */
		AA10C6661CAF59B0004B2C93 /* calculator.app */ = {isa = PBXFileReference; explicitFileType = wrapper.application; includeInIndex = 0; path = calculator.app; sourceTree = BUILT_PRODUCTS_DIR; };
		AA4CE9051CB0AF1600A936DF /* AppDelegate.swift */ = {isa = PBXFileReference; fileEncoding = 4; lastKnownFileType = sourcecode.swift; path = AppDelegate.swift; sourceTree = "<group>"; };
		AA4CE9061CB0AF1600A936DF /* Assets.xcassets */ = {isa = PBXFileReference; lastKnownFileType = folder.assetcatalog; path = Assets.xcassets; sourceTree = "<group>"; };
		AA4CE9081CB0AF1600A936DF /* Base */ = {isa = PBXFileReference; lastKnownFileType = file.storyboard; name = Base; path = Base.lproj/LaunchScreen.storyboard; sourceTree = "<group>"; };
		AA4CE90A1CB0AF1600A936DF /* Base */ = {isa = PBXFileReference; lastKnownFileType = file.storyboard; name = Base; path = Base.lproj/Main.storyboard; sourceTree = "<group>"; };
		AA4CE90B1CB0AF1600A936DF /* Info.plist */ = {isa = PBXFileReference; fileEncoding = 4; lastKnownFileType = text.plist.xml; path = Info.plist; sourceTree = "<group>"; };
		AA4CE90C1CB0AF1600A936DF /* ViewController.swift */ = {isa = PBXFileReference; fileEncoding = 4; lastKnownFileType = sourcecode.swift; path = ViewController.swift; sourceTree = "<group>"; };
/* End PBXFileReference section */

/* Begin PBXFrameworksBuildPhase section */
		AA10C6631CAF59B0004B2C93 /* Frameworks */ = {
			isa = PBXFrameworksBuildPhase;
			buildActionMask = 2147483647;
			files = (
			);
			runOnlyForDeploymentPostprocessing = 0;
		};
/* End PBXFrameworksBuildPhase section */

/* Begin PBXGroup section */
		AA10C65D1CAF59B0004B2C93 = {
			isa = PBXGroup;
			children = (
				AA4CE9041CB0AF1600A936DF /* calculator */,
				AA10C6671CAF59B0004B2C93 /* Products */,
			);
			sourceTree = "<group>";
		};
		AA10C6671CAF59B0004B2C93 /* Products */ = {
			isa = PBXGroup;
			children = (
				AA10C6661CAF59B0004B2C93 /* calculator.app */,
			);
			name = Products;
			sourceTree = "<group>";
		};
		AA4CE9041CB0AF1600A936DF /* calculator */ = {
			isa = PBXGroup;
			children = (
				AA4CE9051CB0AF1600A936DF /* AppDelegate.swift */,
				AA4CE90C1CB0AF1600A936DF /* ViewController.swift */,
				AA4CE9061CB0AF1600A936DF /* Assets.xcassets */,
				AA4CE9071CB0AF1600A936DF /* LaunchScreen.storyboard */,
				AA4CE9091CB0AF1600A936DF /* Main.storyboard */,
				AA4CE90B1CB0AF1600A936DF /* Info.plist */,
			);
			path = calculator;
			sourceTree = "<group>";
		};
/* End PBXGroup section */

/* Begin PBXNativeTarget section */
		AA10C6651CAF59B0004B2C93 /* calculator */ = {
			isa = PBXNativeTarget;
			buildConfigurationList = AA10C6781CAF59B0004B2C93 /* Build configuration list for PBXNativeTarget "calculator" */;
			buildPhases = (
				AA10C6621CAF59B0004B2C93 /* Sources */,
				AA10C6631CAF59B0004B2C93 /* Frameworks */,
				AA10C6641CAF59B0004B2C93 /* Resources */,
			);
			buildRules = (
			);
			dependencies = (
			);
			name = calculator;
			productName = "LearnSwift-01";
			productReference = AA10C6661CAF59B0004B2C93 /* calculator.app */;
			productType = "com.apple.product-type.application";
		};
/* End PBXNativeTarget section */

/* Begin PBXProject section */
		AA10C65E1CAF59B0004B2C93 /* Project object */ = {
			isa = PBXProject;
			attributes = {
				LastSwiftUpdateCheck = 0730;
				LastUpgradeCheck = 0730;
				ORGANIZATIONNAME = xayoung;
				TargetAttributes = {
					AA10C6651CAF59B0004B2C93 = {
						CreatedOnToolsVersion = 7.3;
					};
				};
			};
			buildConfigurationList = AA10C6611CAF59B0004B2C93 /* Build configuration list for PBXProject "calculator" */;
			compatibilityVersion = "Xcode 3.2";
			developmentRegion = English;
			hasScannedForEncodings = 0;
			knownRegions = (
				en,
				Base,
			);
			mainGroup = AA10C65D1CAF59B0004B2C93;
			productRefGroup = AA10C6671CAF59B0004B2C93 /* Products */;
			projectDirPath = "";
			projectRoot = "";
			targets = (
				AA10C6651CAF59B0004B2C93 /* calculator */,
			);
		};
/* End PBXProject section */

/* Begin PBXResourcesBuildPhase section */
		AA10C6641CAF59B0004B2C93 /* Resources */ = {
			isa = PBXResourcesBuildPhase;
			buildActionMask = 2147483647;
			files = (
				AA4CE9111CB0AF1600A936DF /* Info.plist in Resources */,
				AA4CE9101CB0AF1600A936DF /* Main.storyboard in Resources */,
				AA4CE90E1CB0AF1600A936DF /* Assets.xcassets in Resources */,
				AA4CE90F1CB0AF1600A936DF /* LaunchScreen.storyboard in Resources */,
			);
			runOnlyForDeploymentPostprocessing = 0;
		};
/* End PBXResourcesBuildPhase section */

/* Begin PBXSourcesBuildPhase section */
		AA10C6621CAF59B0004B2C93 /* Sources */ = {
			isa = PBXSourcesBuildPhase;
			buildActionMask = 2147483647;
			files = (
				AA4CE9121CB0AF1600A936DF /* ViewController.swift in Sources */,
				AA4CE90D1CB0AF1600A936DF /* AppDelegate.swift in Sources */,
			);
			runOnlyForDeploymentPostprocessing = 0;
		};
/* End PBXSourcesBuildPhase section */

/* Begin PBXVariantGroup section */
		AA4CE9071CB0AF1600A936DF /* LaunchScreen.storyboard */ = {
			isa = PBXVariantGroup;
			children = (
				AA4CE9081CB0AF1600A936DF /* Base */,
			);
			name = LaunchScreen.storyboard;
			sourceTree = "<group>";
		};
		AA4CE9091CB0AF1600A936DF /* Main.storyboard */ = {
			isa = PBXVariantGroup;
			children = (
				AA4CE90A1CB0AF1600A936DF /* Base */,
			);
			name = Main.storyboard;
			sourceTree = "<group>";
		};
/* End PBXVariantGroup section */

/* Begin XCBuildConfiguration section */
		AA10C6761CAF59B0004B2C93 /* Debug */ = {
			isa = XCBuildConfiguration;
			buildSettings = {
				ALWAYS_SEARCH_USER_PATHS = NO;
				CLANG_ANALYZER_NONNULL = YES;
				CLANG_CXX_LANGUAGE_STANDARD = "gnu++0x";
				CLANG_CXX_LIBRARY = "libc++";
				CLANG_ENABLE_MODULES = YES;
				CLANG_ENABLE_OBJC_ARC = YES;
				CLANG_WARN_BOOL_CONVERSION = YES;
				CLANG_WARN_CONSTANT_CONVERSION = YES;
				CLANG_WARN_DIRECT_OBJC_ISA_USAGE = YES_ERROR;
				CLANG_WARN_EMPTY_BODY = YES;
				CLANG_WARN_ENUM_CONVERSION = YES;
				CLANG_WARN_INT_CONVERSION = YES;
				CLANG_WARN_OBJC_ROOT_CLASS = YES_ERROR;
				CLANG_WARN_UNREACHABLE_CODE = YES;
				CLANG_WARN__DUPLICATE_METHOD_MATCH = YES;
				"CODE_SIGN_IDENTITY[sdk=iphoneos*]" = "iPhone Developer";
				COPY_PHASE_STRIP = NO;
				DEBUG_INFORMATION_FORMAT = dwarf;
				ENABLE_STRICT_OBJC_MSGSEND = YES;
				ENABLE_TESTABILITY = YES;
				GCC_C_LANGUAGE_STANDARD = gnu99;
				GCC_DYNAMIC_NO_PIC = NO;
				GCC_NO_COMMON_BLOCKS = YES;
				GCC_OPTIMIZATION_LEVEL = 0;
				GCC_PREPROCESSOR_DEFINITIONS = (
					"DEBUG=1",
					"$(inherited)",
				);
				GCC_WARN_64_TO_32_BIT_CONVERSION = YES;
				GCC_WARN_ABOUT_RETURN_TYPE = YES_ERROR;
				GCC_WARN_UNDECLARED_SELECTOR = YES;
				GCC_WARN_UNINITIALIZED_AUTOS = YES_AGGRESSIVE;
				GCC_WARN_UNUSED_FUNCTION = YES;
				GCC_WARN_UNUSED_VARIABLE = YES;
				IPHONEOS_DEPLOYMENT_TARGET = 9.3;
				MTL_ENABLE_DEBUG_INFO = YES;
				ONLY_ACTIVE_ARCH = YES;
				SDKROOT = iphoneos;
				SWIFT_OPTIMIZATION_LEVEL = "-Onone";
			};
			name = Debug;
		};
		AA10C6771CAF59B0004B2C93 /* Release */ = {
			isa = XCBuildConfiguration;
			buildSettings = {
				ALWAYS_SEARCH_USER_PATHS = NO;
				CLANG_ANALYZER_NONNULL = YES;
				CLANG_CXX_LANGUAGE_STANDARD = "gnu++0x";
				CLANG_CXX_LIBRARY = "libc++";
				CLANG_ENABLE_MODULES = YES;
				CLANG_ENABLE_OBJC_ARC = YES;
				CLANG_WARN_BOOL_CONVERSION = YES;
				CLANG_WARN_CONSTANT_CONVERSION = YES;
				CLANG_WARN_DIRECT_OBJC_ISA_USAGE = YES_ERROR;
				CLANG_WARN_EMPTY_BODY = YES;
				CLANG_WARN_ENUM_CONVERSION = YES;
				CLANG_WARN_INT_CONVERSION = YES;
				CLANG_WARN_OBJC_ROOT_CLASS = YES_ERROR;
				CLANG_WARN_UNREACHABLE_CODE = YES;
				CLANG_WARN__DUPLICATE_METHOD_MATCH = YES;
				"CODE_SIGN_IDENTITY[sdk=iphoneos*]" = "iPhone Developer";
				COPY_PHASE_STRIP = NO;
				DEBUG_INFORMATION_FORMAT = "dwarf-with-dsym";
				ENABLE_NS_ASSERTIONS = NO;
				ENABLE_STRICT_OBJC_MSGSEND = YES;
				GCC_C_LANGUAGE_STANDARD = gnu99;
				GCC_NO_COMMON_BLOCKS = YES;
				GCC_WARN_64_TO_32_BIT_CONVERSION = YES;
				GCC_WARN_ABOUT_RETURN_TYPE = YES_ERROR;
				GCC_WARN_UNDECLARED_SELECTOR = YES;
				GCC_WARN_UNINITIALIZED_AUTOS = YES_AGGRESSIVE;
				GCC_WARN_UNUSED_FUNCTION = YES;
				GCC_WARN_UNUSED_VARIABLE = YES;
				IPHONEOS_DEPLOYMENT_TARGET = 9.3;
				MTL_ENABLE_DEBUG_INFO = NO;
				SDKROOT = iphoneos;
				VALIDATE_PRODUCT = YES;
			};
			name = Release;
		};
		AA10C6791CAF59B0004B2C93 /* Debug */ = {
			isa = XCBuildConfiguration;
			buildSettings = {
				ASSETCATALOG_COMPILER_APPICON_NAME = AppIcon;
				INFOPLIST_FILE = "$(SRCROOT)/calculator/Info.plist";
				LD_RUNPATH_SEARCH_PATHS = "$(inherited) @executable_path/Frameworks";
				PRODUCT_BUNDLE_IDENTIFIER = com.Xayoung.calculator;
				PRODUCT_NAME = calculator;
			};
			name = Debug;
		};
		AA10C67A1CAF59B0004B2C93 /* Release */ = {
			isa = XCBuildConfiguration;
			buildSettings = {
				ASSETCATALOG_COMPILER_APPICON_NAME = AppIcon;
				INFOPLIST_FILE = "$(SRCROOT)/calculator/Info.plist";
				LD_RUNPATH_SEARCH_PATHS = "$(inherited) @executable_path/Frameworks";
				PRODUCT_BUNDLE_IDENTIFIER = com.Xayoung.calculator;
				PRODUCT_NAME = calculator;
			};
			name = Release;
		};
/* End XCBuildConfiguration section */

/* Begin XCConfigurationList section */
		AA10C6611CAF59B0004B2C93 /* Build configuration list for PBXProject "calculator" */ = {
			isa = XCConfigurationList;
			buildConfigurations = (
				AA10C6761CAF59B0004B2C93 /* Debug */,
				AA10C6771CAF59B0004B2C93 /* Release */,
			);
			defaultConfigurationIsVisible = 0;
			defaultConfigurationName = Release;
		};
		AA10C6781CAF59B0004B2C93 /* Build configuration list for PBXNativeTarget "calculator" */ = {
			isa = XCConfigurationList;
			buildConfigurations = (
				AA10C6791CAF59B0004B2C93 /* Debug */,
				AA10C67A1CAF59B0004B2C93 /* Release */,
			);
			defaultConfigurationIsVisible = 0;
			defaultConfigurationName = Release;
		};
/* End XCConfigurationList section */
	};
	rootObject = AA10C65E1CAF59B0004B2C93 /* Project object */;
}
