// !$*UTF8*$!
{
	archiveVersion = 1;
	classes = {
	};
	objectVersion = 46;
	objects = {

/* Begin PBXBuildFile section */
		AA240EB71CB8A49300F14E5E /* AppDelegate.swift in Sources */ = {isa = PBXBuildFile; fileRef = AA240EB61CB8A49300F14E5E /* AppDelegate.swift */; };
		AA240EBC1CB8A49300F14E5E /* Main.storyboard in Resources */ = {isa = PBXBuildFile; fileRef = AA240EBA1CB8A49300F14E5E /* Main.storyboard */; };
		AA240EBE1CB8A49300F14E5E /* Assets.xcassets in Resources */ = {isa = PBXBuildFile; fileRef = AA240EBD1CB8A49300F14E5E /* Assets.xcassets */; };
		AA240EC11CB8A49300F14E5E /* LaunchScreen.storyboard in Resources */ = {isa = PBXBuildFile; fileRef = AA240EBF1CB8A49300F14E5E /* LaunchScreen.storyboard */; };
		AA240ECD1CB8A72900F14E5E /* FaceView.swift in Sources */ = {isa = PBXBuildFile; fileRef = AA240ECC1CB8A72900F14E5E /* FaceView.swift */; };
		AA7D3A281CB9D9CC0008CB27 /* HappinessViewController.swift in Sources */ = {isa = PBXBuildFile; fileRef = AA7D3A271CB9D9CC0008CB27 /* HappinessViewController.swift */; };
/* End PBXBuildFile section */

/* Begin PBXFileReference section */
		AA240EB31CB8A49300F14E5E /* Happiness.app */ = {isa = PBXFileReference; explicitFileType = wrapper.application; includeInIndex = 0; path = Happiness.app; sourceTree = BUILT_PRODUCTS_DIR; };
		AA240EB61CB8A49300F14E5E /* AppDelegate.swift */ = {isa = PBXFileReference; lastKnownFileType = sourcecode.swift; path = AppDelegate.swift; sourceTree = "<group>"; };
		AA240EBB1CB8A49300F14E5E /* Base */ = {isa = PBXFileReference; lastKnownFileType = file.storyboard; name = Base; path = Base.lproj/Main.storyboard; sourceTree = "<group>"; };
		AA240EBD1CB8A49300F14E5E /* Assets.xcassets */ = {isa = PBXFileReference; lastKnownFileType = folder.assetcatalog; path = Assets.xcassets; sourceTree = "<group>"; };
		AA240EC01CB8A49300F14E5E /* Base */ = {isa = PBXFileReference; lastKnownFileType = file.storyboard; name = Base; path = Base.lproj/LaunchScreen.storyboard; sourceTree = "<group>"; };
		AA240EC21CB8A49300F14E5E /* Info.plist */ = {isa = PBXFileReference; lastKnownFileType = text.plist.xml; path = Info.plist; sourceTree = "<group>"; };
		AA240ECC1CB8A72900F14E5E /* FaceView.swift */ = {isa = PBXFileReference; fileEncoding = 4; lastKnownFileType = sourcecode.swift; path = FaceView.swift; sourceTree = "<group>"; };
		AA7D3A271CB9D9CC0008CB27 /* HappinessViewController.swift */ = {isa = PBXFileReference; fileEncoding = 4; lastKnownFileType = sourcecode.swift; path = HappinessViewController.swift; sourceTree = "<group>"; };
/* End PBXFileReference section */

/* Begin PBXFrameworksBuildPhase section */
		AA240EB01CB8A49300F14E5E /* Frameworks */ = {
			isa = PBXFrameworksBuildPhase;
			buildActionMask = 2147483647;
			files = (
			);
			runOnlyForDeploymentPostprocessing = 0;
		};
/* End PBXFrameworksBuildPhase section */

/* Begin PBXGroup section */
		AA240EAA1CB8A49300F14E5E = {
			isa = PBXGroup;
			children = (
				AA240EB51CB8A49300F14E5E /* Happiness */,
				AA240EB41CB8A49300F14E5E /* Products */,
			);
			sourceTree = "<group>";
		};
		AA240EB41CB8A49300F14E5E /* Products */ = {
			isa = PBXGroup;
			children = (
				AA240EB31CB8A49300F14E5E /* Happiness.app */,
			);
			name = Products;
			sourceTree = "<group>";
		};
		AA240EB51CB8A49300F14E5E /* Happiness */ = {
			isa = PBXGroup;
			children = (
				AA240EB61CB8A49300F14E5E /* AppDelegate.swift */,
				AA240EBA1CB8A49300F14E5E /* Main.storyboard */,
				AA240ECC1CB8A72900F14E5E /* FaceView.swift */,
				AA7D3A271CB9D9CC0008CB27 /* HappinessViewController.swift */,
				AA240EBD1CB8A49300F14E5E /* Assets.xcassets */,
				AA240EBF1CB8A49300F14E5E /* LaunchScreen.storyboard */,
				AA240EC21CB8A49300F14E5E /* Info.plist */,
			);
			path = Happiness;
			sourceTree = "<group>";
		};
/* End PBXGroup section */

/* Begin PBXNativeTarget section */
		AA240EB21CB8A49300F14E5E /* Happiness */ = {
			isa = PBXNativeTarget;
			buildConfigurationList = AA240EC51CB8A49300F14E5E /* Build configuration list for PBXNativeTarget "Happiness" */;
			buildPhases = (
				AA240EAF1CB8A49300F14E5E /* Sources */,
				AA240EB01CB8A49300F14E5E /* Frameworks */,
				AA240EB11CB8A49300F14E5E /* Resources */,
			);
			buildRules = (
			);
			dependencies = (
			);
			name = Happiness;
			productName = Happiness;
			productReference = AA240EB31CB8A49300F14E5E /* Happiness.app */;
			productType = "com.apple.product-type.application";
		};
/* End PBXNativeTarget section */

/* Begin PBXProject section */
		AA240EAB1CB8A49300F14E5E /* Project object */ = {
			isa = PBXProject;
			attributes = {
				LastSwiftUpdateCheck = 0730;
				LastUpgradeCheck = 0730;
				ORGANIZATIONNAME = xayoung;
				TargetAttributes = {
					AA240EB21CB8A49300F14E5E = {
						CreatedOnToolsVersion = 7.3;
					};
				};
			};
			buildConfigurationList = AA240EAE1CB8A49300F14E5E /* Build configuration list for PBXProject "Happiness" */;
			compatibilityVersion = "Xcode 3.2";
			developmentRegion = English;
			hasScannedForEncodings = 0;
			knownRegions = (
				en,
				Base,
			);
			mainGroup = AA240EAA1CB8A49300F14E5E;
			productRefGroup = AA240EB41CB8A49300F14E5E /* Products */;
			projectDirPath = "";
			projectRoot = "";
			targets = (
				AA240EB21CB8A49300F14E5E /* Happiness */,
			);
		};
/* End PBXProject section */

/* Begin PBXResourcesBuildPhase section */
		AA240EB11CB8A49300F14E5E /* Resources */ = {
			isa = PBXResourcesBuildPhase;
			buildActionMask = 2147483647;
			files = (
				AA240EC11CB8A49300F14E5E /* LaunchScreen.storyboard in Resources */,
				AA240EBE1CB8A49300F14E5E /* Assets.xcassets in Resources */,
				AA240EBC1CB8A49300F14E5E /* Main.storyboard in Resources */,
			);
			runOnlyForDeploymentPostprocessing = 0;
		};
/* End PBXResourcesBuildPhase section */

/* Begin PBXSourcesBuildPhase section */
		AA240EAF1CB8A49300F14E5E /* Sources */ = {
			isa = PBXSourcesBuildPhase;
			buildActionMask = 2147483647;
			files = (
				AA240EB71CB8A49300F14E5E /* AppDelegate.swift in Sources */,
				AA7D3A281CB9D9CC0008CB27 /* HappinessViewController.swift in Sources */,
				AA240ECD1CB8A72900F14E5E /* FaceView.swift in Sources */,
			);
			runOnlyForDeploymentPostprocessing = 0;
		};
/* End PBXSourcesBuildPhase section */

/* Begin PBXVariantGroup section */
		AA240EBA1CB8A49300F14E5E /* Main.storyboard */ = {
			isa = PBXVariantGroup;
			children = (
				AA240EBB1CB8A49300F14E5E /* Base */,
			);
			name = Main.storyboard;
			sourceTree = "<group>";
		};
		AA240EBF1CB8A49300F14E5E /* LaunchScreen.storyboard */ = {
			isa = PBXVariantGroup;
			children = (
				AA240EC01CB8A49300F14E5E /* Base */,
			);
			name = LaunchScreen.storyboard;
			sourceTree = "<group>";
		};
/* End PBXVariantGroup section */

/* Begin XCBuildConfiguration section */
		AA240EC31CB8A49300F14E5E /* Debug */ = {
			isa = XCBuildConfiguration;
			buildSettings = {
				ALWAYS_SEARCH_USER_PATHS = NO;
				CLANG_ANALYZER_NONNULL = YES;
				CLANG_CXX_LANGUAGE_STANDARD = "gnu++0x";
				CLANG_CXX_LIBRARY = "libc++";
				CLANG_ENABLE_MODULES = YES;
				CLANG_ENABLE_OBJC_ARC = YES;
				CLANG_WARN_BOOL_CONVERSION = YES;
				CLANG_WARN_CONSTANT_CONVERSION = YES;
				CLANG_WARN_DIRECT_OBJC_ISA_USAGE = YES_ERROR;
				CLANG_WARN_EMPTY_BODY = YES;
				CLANG_WARN_ENUM_CONVERSION = YES;
				CLANG_WARN_INT_CONVERSION = YES;
				CLANG_WARN_OBJC_ROOT_CLASS = YES_ERROR;
				CLANG_WARN_UNREACHABLE_CODE = YES;
				CLANG_WARN__DUPLICATE_METHOD_MATCH = YES;
				"CODE_SIGN_IDENTITY[sdk=iphoneos*]" = "iPhone Developer";
				COPY_PHASE_STRIP = NO;
				DEBUG_INFORMATION_FORMAT = dwarf;
				ENABLE_STRICT_OBJC_MSGSEND = YES;
				ENABLE_TESTABILITY = YES;
				GCC_C_LANGUAGE_STANDARD = gnu99;
				GCC_DYNAMIC_NO_PIC = NO;
				GCC_NO_COMMON_BLOCKS = YES;
				GCC_OPTIMIZATION_LEVEL = 0;
				GCC_PREPROCESSOR_DEFINITIONS = (
					"DEBUG=1",
					"$(inherited)",
				);
				GCC_WARN_64_TO_32_BIT_CONVERSION = YES;
				GCC_WARN_ABOUT_RETURN_TYPE = YES_ERROR;
				GCC_WARN_UNDECLARED_SELECTOR = YES;
				GCC_WARN_UNINITIALIZED_AUTOS = YES_AGGRESSIVE;
				GCC_WARN_UNUSED_FUNCTION = YES;
				GCC_WARN_UNUSED_VARIABLE = YES;
				IPHONEOS_DEPLOYMENT_TARGET = 9.3;
				MTL_ENABLE_DEBUG_INFO = YES;
				ONLY_ACTIVE_ARCH = YES;
				SDKROOT = iphoneos;
				SWIFT_OPTIMIZATION_LEVEL = "-Onone";
			};
			name = Debug;
		};
		AA240EC41CB8A49300F14E5E /* Release */ = {
			isa = XCBuildConfiguration;
			buildSettings = {
				ALWAYS_SEARCH_USER_PATHS = NO;
				CLANG_ANALYZER_NONNULL = YES;
				CLANG_CXX_LANGUAGE_STANDARD = "gnu++0x";
				CLANG_CXX_LIBRARY = "libc++";
				CLANG_ENABLE_MODULES = YES;
				CLANG_ENABLE_OBJC_ARC = YES;
				CLANG_WARN_BOOL_CONVERSION = YES;
				CLANG_WARN_CONSTANT_CONVERSION = YES;
				CLANG_WARN_DIRECT_OBJC_ISA_USAGE = YES_ERROR;
				CLANG_WARN_EMPTY_BODY = YES;
				CLANG_WARN_ENUM_CONVERSION = YES;
				CLANG_WARN_INT_CONVERSION = YES;
				CLANG_WARN_OBJC_ROOT_CLASS = YES_ERROR;
				CLANG_WARN_UNREACHABLE_CODE = YES;
				CLANG_WARN__DUPLICATE_METHOD_MATCH = YES;
				"CODE_SIGN_IDENTITY[sdk=iphoneos*]" = "iPhone Developer";
				COPY_PHASE_STRIP = NO;
				DEBUG_INFORMATION_FORMAT = "dwarf-with-dsym";
				ENABLE_NS_ASSERTIONS = NO;
				ENABLE_STRICT_OBJC_MSGSEND = YES;
				GCC_C_LANGUAGE_STANDARD = gnu99;
				GCC_NO_COMMON_BLOCKS = YES;
				GCC_WARN_64_TO_32_BIT_CONVERSION = YES;
				GCC_WARN_ABOUT_RETURN_TYPE = YES_ERROR;
				GCC_WARN_UNDECLARED_SELECTOR = YES;
				GCC_WARN_UNINITIALIZED_AUTOS = YES_AGGRESSIVE;
				GCC_WARN_UNUSED_FUNCTION = YES;
				GCC_WARN_UNUSED_VARIABLE = YES;
				IPHONEOS_DEPLOYMENT_TARGET = 9.3;
				MTL_ENABLE_DEBUG_INFO = NO;
				SDKROOT = iphoneos;
				VALIDATE_PRODUCT = YES;
			};
			name = Release;
		};
		AA240EC61CB8A49300F14E5E /* Debug */ = {
			isa = XCBuildConfiguration;
			buildSettings = {
				ASSETCATALOG_COMPILER_APPICON_NAME = AppIcon;
				INFOPLIST_FILE = Happiness/Info.plist;
				LD_RUNPATH_SEARCH_PATHS = "$(inherited) @executable_path/Frameworks";
				PRODUCT_BUNDLE_IDENTIFIER = com.Xayoung.Happiness;
				PRODUCT_NAME = "$(TARGET_NAME)";
			};
			name = Debug;
		};
		AA240EC71CB8A49300F14E5E /* Release */ = {
			isa = XCBuildConfiguration;
			buildSettings = {
				ASSETCATALOG_COMPILER_APPICON_NAME = AppIcon;
				INFOPLIST_FILE = Happiness/Info.plist;
				LD_RUNPATH_SEARCH_PATHS = "$(inherited) @executable_path/Frameworks";
				PRODUCT_BUNDLE_IDENTIFIER = com.Xayoung.Happiness;
				PRODUCT_NAME = "$(TARGET_NAME)";
			};
			name = Release;
		};
/* End XCBuildConfiguration section */

/* Begin XCConfigurationList section */
		AA240EAE1CB8A49300F14E5E /* Build configuration list for PBXProject "Happiness" */ = {
			isa = XCConfigurationList;
			buildConfigurations = (
				AA240EC31CB8A49300F14E5E /* Debug */,
				AA240EC41CB8A49300F14E5E /* Release */,
			);
			defaultConfigurationIsVisible = 0;
			defaultConfigurationName = Release;
		};
		AA240EC51CB8A49300F14E5E /* Build configuration list for PBXNativeTarget "Happiness" */ = {
			isa = XCConfigurationList;
			buildConfigurations = (
				AA240EC61CB8A49300F14E5E /* Debug */,
				AA240EC71CB8A49300F14E5E /* Release */,
			);
			defaultConfigurationIsVisible = 0;
			defaultConfigurationName = Release;
		};
/* End XCConfigurationList section */
	};
	rootObject = AA240EAB1CB8A49300F14E5E /* Project object */;
}
